
Microsoft Visual Studio Solution File, Format Version 12.00
# Visual Studio Version 16
VisualStudioVersion = 16.0.31112.23
MinimumVisualStudioVersion = 10.0.40219.1
Project("{9A19103F-16F7-4668-BE54-9A1E7A4F7556}") = "ApiVersioning", "ApiVersioning\ApiVersioning.csproj", "{42FBAB26-7F87-47AD-B82B-B318D654F4C2}"
EndProject
Global
	GlobalSection(SolutionConfigurationPlatforms) = preSolution
		Debug|Any CPU = Debug|Any CPU
		Release|Any CPU = Release|Any CPU
	EndGlobalSection
	GlobalSection(ProjectConfigurationPlatforms) = postSolution
		{42FBAB26-7F87-47AD-B82B-B318D654F4C2}.Debug|Any CPU.ActiveCfg = Debug|Any CPU
		{42FBAB26-7F87-47AD-B82B-B318D654F4C2}.Debug|Any CPU.Build.0 = Debug|Any CPU
		{42FBAB26-7F87-47AD-B82B-B318D654F4C2}.Release|Any CPU.ActiveCfg = Release|Any CPU
		{42FBAB26-7F87-47AD-B82B-B318D654F4C2}.Release|Any CPU.Build.0 = Release|Any CPU
	EndGlobalSection
	GlobalSection(SolutionProperties) = preSolution
		HideSolutionNode = FALSE
	EndGlobalSection
	GlobalSection(ExtensibilityGlobals) = postSolution
		SolutionGuid = {B464A213-A651-4D5B-BD84-D1155ACBF7FA}
	EndGlobalSection
EndGlobal
